{
    "_meta": {
        "hash": {
            "sha256": "301ab20bcb0b8c6b7a25481632ed9a5826140ca772c9c6cdbc92686018f5512a"
        },
        "pipfile-spec": 6,
        "requires": {
            "python_version": "2.7"
        },
        "sources": [
            {
                "name": "pypi",
                "url": "https://pypi.org/simple",
                "verify_ssl": true
            }
        ]
    },
    "default": {
        "django": {
            "hashes": [
                "sha256:33d44a5cf9d333247a9a374ae1478b78b83c9b78eb316fc04adde62053b4c047",
                "sha256:674c525d3aa90ed683313b64aa27490c31874e16155e6b44772d84e76c83c46c"
            ],
            "index": "pypi",
            "version": "==1.8.19"
        }
    },
    "develop": {}
}
